
Microsoft Visual Studio Solution File, Format Version 12.00
# Visual Studio Version 17
VisualStudioVersion = 17.3.32825.248
MinimumVisualStudioVersion = 10.0.40219.1
Project("{FAE04EC0-301F-11D3-BF4B-00C04F79EFBC}") = "voxsay", "voxsay\voxsay.csproj", "{9732BA0F-C2DC-44E2-A3AA-E3669766696D}"
EndProject
Project("{FAE04EC0-301F-11D3-BF4B-00C04F79EFBC}") = "voxsaycmd", "voxsaycmd\voxsaycmd.csproj", "{1C61AEFD-B8FF-49F8-AC40-FA45B2D78A8F}"
EndProject
Project("{FAE04EC0-301F-11D3-BF4B-00C04F79EFBC}") = "MMLParser", "MMLParser\MMLParser.csproj", "{BC81B8CE-553F-44D9-A753-55AD9B0DC489}"
EndProject
Global
	GlobalSection(SolutionConfigurationPlatforms) = preSolution
		Debug|Any CPU = Debug|Any CPU
		Release|Any CPU = Release|Any CPU
	EndGlobalSection
	GlobalSection(ProjectConfigurationPlatforms) = postSolution
		{9732BA0F-C2DC-44E2-A3AA-E3669766696D}.Debug|Any CPU.ActiveCfg = Debug|Any CPU
		{9732BA0F-C2DC-44E2-A3AA-E3669766696D}.Debug|Any CPU.Build.0 = Debug|Any CPU
		{9732BA0F-C2DC-44E2-A3AA-E3669766696D}.Release|Any CPU.ActiveCfg = Release|Any CPU
		{9732BA0F-C2DC-44E2-A3AA-E3669766696D}.Release|Any CPU.Build.0 = Release|Any CPU
		{1C61AEFD-B8FF-49F8-AC40-FA45B2D78A8F}.Debug|Any CPU.ActiveCfg = Debug|Any CPU
		{1C61AEFD-B8FF-49F8-AC40-FA45B2D78A8F}.Debug|Any CPU.Build.0 = Debug|Any CPU
		{1C61AEFD-B8FF-49F8-AC40-FA45B2D78A8F}.Release|Any CPU.ActiveCfg = Release|Any CPU
		{1C61AEFD-B8FF-49F8-AC40-FA45B2D78A8F}.Release|Any CPU.Build.0 = Release|Any CPU
		{BC81B8CE-553F-44D9-A753-55AD9B0DC489}.Debug|Any CPU.ActiveCfg = Debug|Any CPU
		{BC81B8CE-553F-44D9-A753-55AD9B0DC489}.Debug|Any CPU.Build.0 = Debug|Any CPU
		{BC81B8CE-553F-44D9-A753-55AD9B0DC489}.Release|Any CPU.ActiveCfg = Release|Any CPU
		{BC81B8CE-553F-44D9-A753-55AD9B0DC489}.Release|Any CPU.Build.0 = Release|Any CPU
	EndGlobalSection
	GlobalSection(SolutionProperties) = preSolution
		HideSolutionNode = FALSE
	EndGlobalSection
	GlobalSection(ExtensibilityGlobals) = postSolution
		SolutionGuid = {AC00CF7E-153B-4696-8675-C4AE54C2166F}
	EndGlobalSection
EndGlobal
